// !$*UTF8*$!
{
	archiveVersion = 1;
	classes = {
	};
	objectVersion = 50;
	objects = {

/* Begin PBXBuildFile section */
		4952CF8124FFC52E005E3295 /* AppDelegate.swift in Sources */ = {isa = PBXBuildFile; fileRef = 4952CF8024FFC52E005E3295 /* AppDelegate.swift */; };
		4952CF8324FFC52E005E3295 /* art.scnassets in Resources */ = {isa = PBXBuildFile; fileRef = 4952CF8224FFC52E005E3295 /* art.scnassets */; };
		4952CF8524FFC52E005E3295 /* ViewController.swift in Sources */ = {isa = PBXBuildFile; fileRef = 4952CF8424FFC52E005E3295 /* ViewController.swift */; };
		4952CF8824FFC52E005E3295 /* Main.storyboard in Resources */ = {isa = PBXBuildFile; fileRef = 4952CF8624FFC52E005E3295 /* Main.storyboard */; };
		4952CF8A24FFC52F005E3295 /* Assets.xcassets in Resources */ = {isa = PBXBuildFile; fileRef = 4952CF8924FFC52F005E3295 /* Assets.xcassets */; };
		4952CF8D24FFC52F005E3295 /* LaunchScreen.storyboard in Resources */ = {isa = PBXBuildFile; fileRef = 4952CF8B24FFC52F005E3295 /* LaunchScreen.storyboard */; };
		497956DD2503BAE500BCE3D0 /* Default-568h@2x.png in Resources */ = {isa = PBXBuildFile; fileRef = 497956DC2503BAE500BCE3D0 /* Default-568h@2x.png */; };
		D395F6DC5BAC921910E74C44 /* ViewController+ARSCNViewDelegate.swift in Sources */ = {isa = PBXBuildFile; fileRef = D39259581CDDDA89F11CC90D /* ViewController+ARSCNViewDelegate.swift */; };
/* End PBXBuildFile section */

/* Begin PBXFileReference section */
		4952CF7D24FFC52E005E3295 /* AR Warm Jelly.app */ = {isa = PBXFileReference; explicitFileType = wrapper.application; includeInIndex = 0; path = "AR Warm Jelly.app"; sourceTree = BUILT_PRODUCTS_DIR; };
		4952CF8024FFC52E005E3295 /* AppDelegate.swift */ = {isa = PBXFileReference; lastKnownFileType = sourcecode.swift; path = AppDelegate.swift; sourceTree = "<group>"; };
		4952CF8224FFC52E005E3295 /* art.scnassets */ = {isa = PBXFileReference; lastKnownFileType = wrapper.scnassets; path = art.scnassets; sourceTree = "<group>"; };
		4952CF8424FFC52E005E3295 /* ViewController.swift */ = {isa = PBXFileReference; lastKnownFileType = sourcecode.swift; path = ViewController.swift; sourceTree = "<group>"; };
		4952CF8724FFC52E005E3295 /* Base */ = {isa = PBXFileReference; lastKnownFileType = file.storyboard; name = Base; path = Base.lproj/Main.storyboard; sourceTree = "<group>"; };
		4952CF8924FFC52F005E3295 /* Assets.xcassets */ = {isa = PBXFileReference; lastKnownFileType = folder.assetcatalog; path = Assets.xcassets; sourceTree = "<group>"; };
		4952CF8C24FFC52F005E3295 /* Base */ = {isa = PBXFileReference; lastKnownFileType = file.storyboard; name = Base; path = Base.lproj/LaunchScreen.storyboard; sourceTree = "<group>"; };
		4952CF8E24FFC52F005E3295 /* Info.plist */ = {isa = PBXFileReference; lastKnownFileType = text.plist.xml; path = Info.plist; sourceTree = "<group>"; };
		497956DC2503BAE500BCE3D0 /* Default-568h@2x.png */ = {isa = PBXFileReference; lastKnownFileType = image.png; path = "Default-568h@2x.png"; sourceTree = "<group>"; };
		D39259581CDDDA89F11CC90D /* ViewController+ARSCNViewDelegate.swift */ = {isa = PBXFileReference; fileEncoding = 4; lastKnownFileType = sourcecode.swift; path = "ViewController+ARSCNViewDelegate.swift"; sourceTree = "<group>"; };
/* End PBXFileReference section */

/* Begin PBXFrameworksBuildPhase section */
		4952CF7A24FFC52E005E3295 /* Frameworks */ = {
			isa = PBXFrameworksBuildPhase;
			buildActionMask = 2147483647;
			files = (
			);
			runOnlyForDeploymentPostprocessing = 0;
		};
/* End PBXFrameworksBuildPhase section */

/* Begin PBXGroup section */
		4952CF7424FFC52E005E3295 = {
			isa = PBXGroup;
			children = (
				497956DC2503BAE500BCE3D0 /* Default-568h@2x.png */,
				4952CF7F24FFC52E005E3295 /* DesignCodeAR */,
				4952CF7E24FFC52E005E3295 /* Products */,
			);
			sourceTree = "<group>";
		};
		4952CF7E24FFC52E005E3295 /* Products */ = {
			isa = PBXGroup;
			children = (
				4952CF7D24FFC52E005E3295 /* AR Warm Jelly.app */,
			);
			name = Products;
			sourceTree = "<group>";
		};
		4952CF7F24FFC52E005E3295 /* DesignCodeAR */ = {
			isa = PBXGroup;
			children = (
				4952CF8024FFC52E005E3295 /* AppDelegate.swift */,
				4952CF8224FFC52E005E3295 /* art.scnassets */,
				4952CF8424FFC52E005E3295 /* ViewController.swift */,
				4952CF8624FFC52E005E3295 /* Main.storyboard */,
				4952CF8924FFC52F005E3295 /* Assets.xcassets */,
				4952CF8B24FFC52F005E3295 /* LaunchScreen.storyboard */,
				4952CF8E24FFC52F005E3295 /* Info.plist */,
				D39259581CDDDA89F11CC90D /* ViewController+ARSCNViewDelegate.swift */,
			);
			path = DesignCodeAR;
			sourceTree = "<group>";
		};
/* End PBXGroup section */

/* Begin PBXNativeTarget section */
		4952CF7C24FFC52E005E3295 /* AR-TryOut-warm-jelly */ = {
			isa = PBXNativeTarget;
			buildConfigurationList = 4952CF9124FFC52F005E3295 /* Build configuration list for PBXNativeTarget "AR-TryOut-warm-jelly" */;
			buildPhases = (
				4952CF7924FFC52E005E3295 /* Sources */,
				4952CF7A24FFC52E005E3295 /* Frameworks */,
				4952CF7B24FFC52E005E3295 /* Resources */,
			);
			buildRules = (
			);
			dependencies = (
			);
			name = "AR-TryOut-warm-jelly";
			productName = DesignCodeAR;
			productReference = 4952CF7D24FFC52E005E3295 /* AR Warm Jelly.app */;
			productType = "com.apple.product-type.application";
		};
/* End PBXNativeTarget section */

/* Begin PBXProject section */
		4952CF7524FFC52E005E3295 /* Project object */ = {
			isa = PBXProject;
			attributes = {
				LastSwiftUpdateCheck = 1170;
				LastUpgradeCheck = 1170;
				ORGANIZATIONNAME = "Janis Cimbulis";
				TargetAttributes = {
					4952CF7C24FFC52E005E3295 = {
						CreatedOnToolsVersion = 11.7;
					};
				};
			};
			buildConfigurationList = 4952CF7824FFC52E005E3295 /* Build configuration list for PBXProject "AR-TryOut-warm-jelly" */;
			compatibilityVersion = "Xcode 9.3";
			developmentRegion = en;
			hasScannedForEncodings = 0;
			knownRegions = (
				en,
				Base,
			);
			mainGroup = 4952CF7424FFC52E005E3295;
			productRefGroup = 4952CF7E24FFC52E005E3295 /* Products */;
			projectDirPath = "";
			projectRoot = "";
			targets = (
				4952CF7C24FFC52E005E3295 /* AR-TryOut-warm-jelly */,
			);
		};
/* End PBXProject section */

/* Begin PBXResourcesBuildPhase section */
		4952CF7B24FFC52E005E3295 /* Resources */ = {
			isa = PBXResourcesBuildPhase;
			buildActionMask = 2147483647;
			files = (
				4952CF8324FFC52E005E3295 /* art.scnassets in Resources */,
				4952CF8D24FFC52F005E3295 /* LaunchScreen.storyboard in Resources */,
				4952CF8A24FFC52F005E3295 /* Assets.xcassets in Resources */,
				497956DD2503BAE500BCE3D0 /* Default-568h@2x.png in Resources */,
				4952CF8824FFC52E005E3295 /* Main.storyboard in Resources */,
			);
			runOnlyForDeploymentPostprocessing = 0;
		};
/* End PBXResourcesBuildPhase section */

/* Begin PBXSourcesBuildPhase section */
		4952CF7924FFC52E005E3295 /* Sources */ = {
			isa = PBXSourcesBuildPhase;
			buildActionMask = 2147483647;
			files = (
				4952CF8524FFC52E005E3295 /* ViewController.swift in Sources */,
				4952CF8124FFC52E005E3295 /* AppDelegate.swift in Sources */,
				D395F6DC5BAC921910E74C44 /* ViewController+ARSCNViewDelegate.swift in Sources */,
			);
			runOnlyForDeploymentPostprocessing = 0;
		};
/* End PBXSourcesBuildPhase section */

/* Begin PBXVariantGroup section */
		4952CF8624FFC52E005E3295 /* Main.storyboard */ = {
			isa = PBXVariantGroup;
			children = (
				4952CF8724FFC52E005E3295 /* Base */,
			);
			name = Main.storyboard;
			sourceTree = "<group>";
		};
		4952CF8B24FFC52F005E3295 /* LaunchScreen.storyboard */ = {
			isa = PBXVariantGroup;
			children = (
				4952CF8C24FFC52F005E3295 /* Base */,
			);
			name = LaunchScreen.storyboard;
			sourceTree = "<group>";
		};
/* End PBXVariantGroup section */

/* Begin XCBuildConfiguration section */
		4952CF8F24FFC52F005E3295 /* Debug */ = {
			isa = XCBuildConfiguration;
			buildSettings = {
				ALWAYS_SEARCH_USER_PATHS = NO;
				CLANG_ANALYZER_NONNULL = YES;
				CLANG_ANALYZER_NUMBER_OBJECT_CONVERSION = YES_AGGRESSIVE;
				CLANG_CXX_LANGUAGE_STANDARD = "gnu++14";
				CLANG_CXX_LIBRARY = "libc++";
				CLANG_ENABLE_MODULES = YES;
				CLANG_ENABLE_OBJC_ARC = YES;
				CLANG_ENABLE_OBJC_WEAK = YES;
				CLANG_WARN_BLOCK_CAPTURE_AUTORELEASING = YES;
				CLANG_WARN_BOOL_CONVERSION = YES;
				CLANG_WARN_COMMA = YES;
				CLANG_WARN_CONSTANT_CONVERSION = YES;
				CLANG_WARN_DEPRECATED_OBJC_IMPLEMENTATIONS = YES;
				CLANG_WARN_DIRECT_OBJC_ISA_USAGE = YES_ERROR;
				CLANG_WARN_DOCUMENTATION_COMMENTS = YES;
				CLANG_WARN_EMPTY_BODY = YES;
				CLANG_WARN_ENUM_CONVERSION = YES;
				CLANG_WARN_INFINITE_RECURSION = YES;
				CLANG_WARN_INT_CONVERSION = YES;
				CLANG_WARN_NON_LITERAL_NULL_CONVERSION = YES;
				CLANG_WARN_OBJC_IMPLICIT_RETAIN_SELF = YES;
				CLANG_WARN_OBJC_LITERAL_CONVERSION = YES;
				CLANG_WARN_OBJC_ROOT_CLASS = YES_ERROR;
				CLANG_WARN_RANGE_LOOP_ANALYSIS = YES;
				CLANG_WARN_STRICT_PROTOTYPES = YES;
				CLANG_WARN_SUSPICIOUS_MOVE = YES;
				CLANG_WARN_UNGUARDED_AVAILABILITY = YES_AGGRESSIVE;
				CLANG_WARN_UNREACHABLE_CODE = YES;
				CLANG_WARN__DUPLICATE_METHOD_MATCH = YES;
				COPY_PHASE_STRIP = NO;
				DEBUG_INFORMATION_FORMAT = dwarf;
				ENABLE_STRICT_OBJC_MSGSEND = YES;
				ENABLE_TESTABILITY = YES;
				GCC_C_LANGUAGE_STANDARD = gnu11;
				GCC_DYNAMIC_NO_PIC = NO;
				GCC_NO_COMMON_BLOCKS = YES;
				GCC_OPTIMIZATION_LEVEL = 0;
				GCC_PREPROCESSOR_DEFINITIONS = (
					"DEBUG=1",
					"$(inherited)",
				);
				GCC_WARN_64_TO_32_BIT_CONVERSION = YES;
				GCC_WARN_ABOUT_RETURN_TYPE = YES_ERROR;
				GCC_WARN_UNDECLARED_SELECTOR = YES;
				GCC_WARN_UNINITIALIZED_AUTOS = YES_AGGRESSIVE;
				GCC_WARN_UNUSED_FUNCTION = YES;
				GCC_WARN_UNUSED_VARIABLE = YES;
				IPHONEOS_DEPLOYMENT_TARGET = 13.7;
				MTL_ENABLE_DEBUG_INFO = INCLUDE_SOURCE;
				MTL_FAST_MATH = YES;
				ONLY_ACTIVE_ARCH = YES;
				SDKROOT = iphoneos;
				SWIFT_ACTIVE_COMPILATION_CONDITIONS = DEBUG;
				SWIFT_OPTIMIZATION_LEVEL = "-Onone";
			};
			name = Debug;
		};
		4952CF9024FFC52F005E3295 /* Release */ = {
			isa = XCBuildConfiguration;
			buildSettings = {
				ALWAYS_SEARCH_USER_PATHS = NO;
				CLANG_ANALYZER_NONNULL = YES;
				CLANG_ANALYZER_NUMBER_OBJECT_CONVERSION = YES_AGGRESSIVE;
				CLANG_CXX_LANGUAGE_STANDARD = "gnu++14";
				CLANG_CXX_LIBRARY = "libc++";
				CLANG_ENABLE_MODULES = YES;
				CLANG_ENABLE_OBJC_ARC = YES;
				CLANG_ENABLE_OBJC_WEAK = YES;
				CLANG_WARN_BLOCK_CAPTURE_AUTORELEASING = YES;
				CLANG_WARN_BOOL_CONVERSION = YES;
				CLANG_WARN_COMMA = YES;
				CLANG_WARN_CONSTANT_CONVERSION = YES;
				CLANG_WARN_DEPRECATED_OBJC_IMPLEMENTATIONS = YES;
				CLANG_WARN_DIRECT_OBJC_ISA_USAGE = YES_ERROR;
				CLANG_WARN_DOCUMENTATION_COMMENTS = YES;
				CLANG_WARN_EMPTY_BODY = YES;
				CLANG_WARN_ENUM_CONVERSION = YES;
				CLANG_WARN_INFINITE_RECURSION = YES;
				CLANG_WARN_INT_CONVERSION = YES;
				CLANG_WARN_NON_LITERAL_NULL_CONVERSION = YES;
				CLANG_WARN_OBJC_IMPLICIT_RETAIN_SELF = YES;
				CLANG_WARN_OBJC_LITERAL_CONVERSION = YES;
				CLANG_WARN_OBJC_ROOT_CLASS = YES_ERROR;
				CLANG_WARN_RANGE_LOOP_ANALYSIS = YES;
				CLANG_WARN_STRICT_PROTOTYPES = YES;
				CLANG_WARN_SUSPICIOUS_MOVE = YES;
				CLANG_WARN_UNGUARDED_AVAILABILITY = YES_AGGRESSIVE;
				CLANG_WARN_UNREACHABLE_CODE = YES;
				CLANG_WARN__DUPLICATE_METHOD_MATCH = YES;
				COPY_PHASE_STRIP = NO;
				DEBUG_INFORMATION_FORMAT = "dwarf-with-dsym";
				ENABLE_NS_ASSERTIONS = NO;
				ENABLE_STRICT_OBJC_MSGSEND = YES;
				GCC_C_LANGUAGE_STANDARD = gnu11;
				GCC_NO_COMMON_BLOCKS = YES;
				GCC_WARN_64_TO_32_BIT_CONVERSION = YES;
				GCC_WARN_ABOUT_RETURN_TYPE = YES_ERROR;
				GCC_WARN_UNDECLARED_SELECTOR = YES;
				GCC_WARN_UNINITIALIZED_AUTOS = YES_AGGRESSIVE;
				GCC_WARN_UNUSED_FUNCTION = YES;
				GCC_WARN_UNUSED_VARIABLE = YES;
				IPHONEOS_DEPLOYMENT_TARGET = 13.7;
				MTL_ENABLE_DEBUG_INFO = NO;
				MTL_FAST_MATH = YES;
				SDKROOT = iphoneos;
				SWIFT_COMPILATION_MODE = wholemodule;
				SWIFT_OPTIMIZATION_LEVEL = "-O";
				VALIDATE_PRODUCT = YES;
			};
			name = Release;
		};
		4952CF9224FFC52F005E3295 /* Debug */ = {
			isa = XCBuildConfiguration;
			buildSettings = {
				ASSETCATALOG_COMPILER_APPICON_NAME = AppIcon;
				CODE_SIGN_STYLE = Automatic;
				DEVELOPMENT_TEAM = UZ84G4P8A7;
				INFOPLIST_FILE = DesignCodeAR/Info.plist;
				IPHONEOS_DEPLOYMENT_TARGET = 13.6;
				LD_RUNPATH_SEARCH_PATHS = (
					"$(inherited)",
					"@executable_path/Frameworks",
				);
				PRODUCT_BUNDLE_IDENTIFIER = "com.cimbis.ar-tryout.warm-jelly";
				PRODUCT_NAME = "AR Warm Jelly";
				SWIFT_VERSION = 5.0;
				TARGETED_DEVICE_FAMILY = "1,2";
			};
			name = Debug;
		};
		4952CF9324FFC52F005E3295 /* Release */ = {
			isa = XCBuildConfiguration;
			buildSettings = {
				ASSETCATALOG_COMPILER_APPICON_NAME = AppIcon;
				CODE_SIGN_STYLE = Automatic;
				DEVELOPMENT_TEAM = UZ84G4P8A7;
				INFOPLIST_FILE = DesignCodeAR/Info.plist;
				IPHONEOS_DEPLOYMENT_TARGET = 13.6;
				LD_RUNPATH_SEARCH_PATHS = (
					"$(inherited)",
					"@executable_path/Frameworks",
				);
				PRODUCT_BUNDLE_IDENTIFIER = "com.cimbis.ar-tryout.warm-jelly";
				PRODUCT_NAME = "AR Warm Jelly";
				SWIFT_VERSION = 5.0;
				TARGETED_DEVICE_FAMILY = "1,2";
			};
			name = Release;
		};
/* End XCBuildConfiguration section */

/* Begin XCConfigurationList section */
		4952CF7824FFC52E005E3295 /* Build configuration list for PBXProject "AR-TryOut-warm-jelly" */ = {
			isa = XCConfigurationList;
			buildConfigurations = (
				4952CF8F24FFC52F005E3295 /* Debug */,
				4952CF9024FFC52F005E3295 /* Release */,
			);
			defaultConfigurationIsVisible = 0;
			defaultConfigurationName = Release;
		};
		4952CF9124FFC52F005E3295 /* Build configuration list for PBXNativeTarget "AR-TryOut-warm-jelly" */ = {
			isa = XCConfigurationList;
			buildConfigurations = (
				4952CF9224FFC52F005E3295 /* Debug */,
				4952CF9324FFC52F005E3295 /* Release */,
			);
			defaultConfigurationIsVisible = 0;
			defaultConfigurationName = Release;
		};
/* End XCConfigurationList section */
	};
	rootObject = 4952CF7524FFC52E005E3295 /* Project object */;
}
