// !$*UTF8*$!
{
	archiveVersion = 1;
	classes = {
	};
	objectVersion = 50;
	objects = {

/* Begin PBXBuildFile section */
		49E5A2A224D56F10005D380D /* AppDelegate.swift in Sources */ = {isa = PBXBuildFile; fileRef = 49E5A2A124D56F10005D380D /* AppDelegate.swift */; };
		49E5A2A424D56F10005D380D /* SceneDelegate.swift in Sources */ = {isa = PBXBuildFile; fileRef = 49E5A2A324D56F10005D380D /* SceneDelegate.swift */; };
		49E5A2A624D56F10005D380D /* ViewController.swift in Sources */ = {isa = PBXBuildFile; fileRef = 49E5A2A524D56F10005D380D /* ViewController.swift */; };
		49E5A2A924D56F10005D380D /* Main.storyboard in Resources */ = {isa = PBXBuildFile; fileRef = 49E5A2A724D56F10005D380D /* Main.storyboard */; };
		49E5A2AB24D56F12005D380D /* Assets.xcassets in Resources */ = {isa = PBXBuildFile; fileRef = 49E5A2AA24D56F12005D380D /* Assets.xcassets */; };
		49E5A2AE24D56F12005D380D /* LaunchScreen.storyboard in Resources */ = {isa = PBXBuildFile; fileRef = 49E5A2AC24D56F12005D380D /* LaunchScreen.storyboard */; };
		D39AE932AA050C29BB167E45 /* SpehereNode.swift in Sources */ = {isa = PBXBuildFile; fileRef = D39E3A4AAF35478C4B2E5319 /* SpehereNode.swift */; };
/* End PBXBuildFile section */

/* Begin PBXFileReference section */
		49E5A29E24D56F10005D380D /* ARKitTryOut.app */ = {isa = PBXFileReference; explicitFileType = wrapper.application; includeInIndex = 0; path = ARKitTryOut.app; sourceTree = BUILT_PRODUCTS_DIR; };
		49E5A2A124D56F10005D380D /* AppDelegate.swift */ = {isa = PBXFileReference; lastKnownFileType = sourcecode.swift; path = AppDelegate.swift; sourceTree = "<group>"; };
		49E5A2A324D56F10005D380D /* SceneDelegate.swift */ = {isa = PBXFileReference; lastKnownFileType = sourcecode.swift; path = SceneDelegate.swift; sourceTree = "<group>"; };
		49E5A2A524D56F10005D380D /* ViewController.swift */ = {isa = PBXFileReference; lastKnownFileType = sourcecode.swift; path = ViewController.swift; sourceTree = "<group>"; };
		49E5A2A824D56F10005D380D /* Base */ = {isa = PBXFileReference; lastKnownFileType = file.storyboard; name = Base; path = Base.lproj/Main.storyboard; sourceTree = "<group>"; };
		49E5A2AA24D56F12005D380D /* Assets.xcassets */ = {isa = PBXFileReference; lastKnownFileType = folder.assetcatalog; path = Assets.xcassets; sourceTree = "<group>"; };
		49E5A2AD24D56F12005D380D /* Base */ = {isa = PBXFileReference; lastKnownFileType = file.storyboard; name = Base; path = Base.lproj/LaunchScreen.storyboard; sourceTree = "<group>"; };
		49E5A2AF24D56F12005D380D /* Info.plist */ = {isa = PBXFileReference; lastKnownFileType = text.plist.xml; path = Info.plist; sourceTree = "<group>"; };
		D39E3A4AAF35478C4B2E5319 /* SpehereNode.swift */ = {isa = PBXFileReference; fileEncoding = 4; lastKnownFileType = sourcecode.swift; path = SpehereNode.swift; sourceTree = "<group>"; };
/* End PBXFileReference section */

/* Begin PBXFrameworksBuildPhase section */
		49E5A29B24D56F10005D380D /* Frameworks */ = {
			isa = PBXFrameworksBuildPhase;
			buildActionMask = 2147483647;
			files = (
			);
			runOnlyForDeploymentPostprocessing = 0;
		};
/* End PBXFrameworksBuildPhase section */

/* Begin PBXGroup section */
		49E5A29524D56F10005D380D = {
			isa = PBXGroup;
			children = (
				49E5A2A024D56F10005D380D /* ARKitTryOut */,
				49E5A29F24D56F10005D380D /* Products */,
			);
			sourceTree = "<group>";
		};
		49E5A29F24D56F10005D380D /* Products */ = {
			isa = PBXGroup;
			children = (
				49E5A29E24D56F10005D380D /* ARKitTryOut.app */,
			);
			name = Products;
			sourceTree = "<group>";
		};
		49E5A2A024D56F10005D380D /* ARKitTryOut */ = {
			isa = PBXGroup;
			children = (
				49E5A2A124D56F10005D380D /* AppDelegate.swift */,
				49E5A2A324D56F10005D380D /* SceneDelegate.swift */,
				49E5A2A524D56F10005D380D /* ViewController.swift */,
				49E5A2A724D56F10005D380D /* Main.storyboard */,
				49E5A2AA24D56F12005D380D /* Assets.xcassets */,
				49E5A2AC24D56F12005D380D /* LaunchScreen.storyboard */,
				49E5A2AF24D56F12005D380D /* Info.plist */,
				D39E3A4AAF35478C4B2E5319 /* SpehereNode.swift */,
			);
			path = ARKitTryOut;
			sourceTree = "<group>";
		};
/* End PBXGroup section */

/* Begin PBXNativeTarget section */
		49E5A29D24D56F10005D380D /* ARKitTryOut */ = {
			isa = PBXNativeTarget;
			buildConfigurationList = 49E5A2B224D56F12005D380D /* Build configuration list for PBXNativeTarget "ARKitTryOut" */;
			buildPhases = (
				49E5A29A24D56F10005D380D /* Sources */,
				49E5A29B24D56F10005D380D /* Frameworks */,
				49E5A29C24D56F10005D380D /* Resources */,
			);
			buildRules = (
			);
			dependencies = (
			);
			name = ARKitTryOut;
			productName = ARKitTryOut;
			productReference = 49E5A29E24D56F10005D380D /* ARKitTryOut.app */;
			productType = "com.apple.product-type.application";
		};
/* End PBXNativeTarget section */

/* Begin PBXProject section */
		49E5A29624D56F10005D380D /* Project object */ = {
			isa = PBXProject;
			attributes = {
				LastSwiftUpdateCheck = 1160;
				LastUpgradeCheck = 1160;
				ORGANIZATIONNAME = "Janis Cimbulis";
				TargetAttributes = {
					49E5A29D24D56F10005D380D = {
						CreatedOnToolsVersion = 11.6;
					};
				};
			};
			buildConfigurationList = 49E5A29924D56F10005D380D /* Build configuration list for PBXProject "ARKitTryOut" */;
			compatibilityVersion = "Xcode 9.3";
			developmentRegion = en;
			hasScannedForEncodings = 0;
			knownRegions = (
				en,
				Base,
			);
			mainGroup = 49E5A29524D56F10005D380D;
			productRefGroup = 49E5A29F24D56F10005D380D /* Products */;
			projectDirPath = "";
			projectRoot = "";
			targets = (
				49E5A29D24D56F10005D380D /* ARKitTryOut */,
			);
		};
/* End PBXProject section */

/* Begin PBXResourcesBuildPhase section */
		49E5A29C24D56F10005D380D /* Resources */ = {
			isa = PBXResourcesBuildPhase;
			buildActionMask = 2147483647;
			files = (
				49E5A2AE24D56F12005D380D /* LaunchScreen.storyboard in Resources */,
				49E5A2AB24D56F12005D380D /* Assets.xcassets in Resources */,
				49E5A2A924D56F10005D380D /* Main.storyboard in Resources */,
			);
			runOnlyForDeploymentPostprocessing = 0;
		};
/* End PBXResourcesBuildPhase section */

/* Begin PBXSourcesBuildPhase section */
		49E5A29A24D56F10005D380D /* Sources */ = {
			isa = PBXSourcesBuildPhase;
			buildActionMask = 2147483647;
			files = (
				49E5A2A624D56F10005D380D /* ViewController.swift in Sources */,
				49E5A2A224D56F10005D380D /* AppDelegate.swift in Sources */,
				49E5A2A424D56F10005D380D /* SceneDelegate.swift in Sources */,
				D39AE932AA050C29BB167E45 /* SpehereNode.swift in Sources */,
			);
			runOnlyForDeploymentPostprocessing = 0;
		};
/* End PBXSourcesBuildPhase section */

/* Begin PBXVariantGroup section */
		49E5A2A724D56F10005D380D /* Main.storyboard */ = {
			isa = PBXVariantGroup;
			children = (
				49E5A2A824D56F10005D380D /* Base */,
			);
			name = Main.storyboard;
			sourceTree = "<group>";
		};
		49E5A2AC24D56F12005D380D /* LaunchScreen.storyboard */ = {
			isa = PBXVariantGroup;
			children = (
				49E5A2AD24D56F12005D380D /* Base */,
			);
			name = LaunchScreen.storyboard;
			sourceTree = "<group>";
		};
/* End PBXVariantGroup section */

/* Begin XCBuildConfiguration section */
		49E5A2B024D56F12005D380D /* Debug */ = {
			isa = XCBuildConfiguration;
			buildSettings = {
				ALWAYS_SEARCH_USER_PATHS = NO;
				CLANG_ANALYZER_NONNULL = YES;
				CLANG_ANALYZER_NUMBER_OBJECT_CONVERSION = YES_AGGRESSIVE;
				CLANG_CXX_LANGUAGE_STANDARD = "gnu++14";
				CLANG_CXX_LIBRARY = "libc++";
				CLANG_ENABLE_MODULES = YES;
				CLANG_ENABLE_OBJC_ARC = YES;
				CLANG_ENABLE_OBJC_WEAK = YES;
				CLANG_WARN_BLOCK_CAPTURE_AUTORELEASING = YES;
				CLANG_WARN_BOOL_CONVERSION = YES;
				CLANG_WARN_COMMA = YES;
				CLANG_WARN_CONSTANT_CONVERSION = YES;
				CLANG_WARN_DEPRECATED_OBJC_IMPLEMENTATIONS = YES;
				CLANG_WARN_DIRECT_OBJC_ISA_USAGE = YES_ERROR;
				CLANG_WARN_DOCUMENTATION_COMMENTS = YES;
				CLANG_WARN_EMPTY_BODY = YES;
				CLANG_WARN_ENUM_CONVERSION = YES;
				CLANG_WARN_INFINITE_RECURSION = YES;
				CLANG_WARN_INT_CONVERSION = YES;
				CLANG_WARN_NON_LITERAL_NULL_CONVERSION = YES;
				CLANG_WARN_OBJC_IMPLICIT_RETAIN_SELF = YES;
				CLANG_WARN_OBJC_LITERAL_CONVERSION = YES;
				CLANG_WARN_OBJC_ROOT_CLASS = YES_ERROR;
				CLANG_WARN_RANGE_LOOP_ANALYSIS = YES;
				CLANG_WARN_STRICT_PROTOTYPES = YES;
				CLANG_WARN_SUSPICIOUS_MOVE = YES;
				CLANG_WARN_UNGUARDED_AVAILABILITY = YES_AGGRESSIVE;
				CLANG_WARN_UNREACHABLE_CODE = YES;
				CLANG_WARN__DUPLICATE_METHOD_MATCH = YES;
				COPY_PHASE_STRIP = NO;
				DEBUG_INFORMATION_FORMAT = dwarf;
				ENABLE_STRICT_OBJC_MSGSEND = YES;
				ENABLE_TESTABILITY = YES;
				GCC_C_LANGUAGE_STANDARD = gnu11;
				GCC_DYNAMIC_NO_PIC = NO;
				GCC_NO_COMMON_BLOCKS = YES;
				GCC_OPTIMIZATION_LEVEL = 0;
				GCC_PREPROCESSOR_DEFINITIONS = (
					"DEBUG=1",
					"$(inherited)",
				);
				GCC_WARN_64_TO_32_BIT_CONVERSION = YES;
				GCC_WARN_ABOUT_RETURN_TYPE = YES_ERROR;
				GCC_WARN_UNDECLARED_SELECTOR = YES;
				GCC_WARN_UNINITIALIZED_AUTOS = YES_AGGRESSIVE;
				GCC_WARN_UNUSED_FUNCTION = YES;
				GCC_WARN_UNUSED_VARIABLE = YES;
				IPHONEOS_DEPLOYMENT_TARGET = 13.6;
				MTL_ENABLE_DEBUG_INFO = INCLUDE_SOURCE;
				MTL_FAST_MATH = YES;
				ONLY_ACTIVE_ARCH = YES;
				SDKROOT = iphoneos;
				SWIFT_ACTIVE_COMPILATION_CONDITIONS = DEBUG;
				SWIFT_OPTIMIZATION_LEVEL = "-Onone";
			};
			name = Debug;
		};
		49E5A2B124D56F12005D380D /* Release */ = {
			isa = XCBuildConfiguration;
			buildSettings = {
				ALWAYS_SEARCH_USER_PATHS = NO;
				CLANG_ANALYZER_NONNULL = YES;
				CLANG_ANALYZER_NUMBER_OBJECT_CONVERSION = YES_AGGRESSIVE;
				CLANG_CXX_LANGUAGE_STANDARD = "gnu++14";
				CLANG_CXX_LIBRARY = "libc++";
				CLANG_ENABLE_MODULES = YES;
				CLANG_ENABLE_OBJC_ARC = YES;
				CLANG_ENABLE_OBJC_WEAK = YES;
				CLANG_WARN_BLOCK_CAPTURE_AUTORELEASING = YES;
				CLANG_WARN_BOOL_CONVERSION = YES;
				CLANG_WARN_COMMA = YES;
				CLANG_WARN_CONSTANT_CONVERSION = YES;
				CLANG_WARN_DEPRECATED_OBJC_IMPLEMENTATIONS = YES;
				CLANG_WARN_DIRECT_OBJC_ISA_USAGE = YES_ERROR;
				CLANG_WARN_DOCUMENTATION_COMMENTS = YES;
				CLANG_WARN_EMPTY_BODY = YES;
				CLANG_WARN_ENUM_CONVERSION = YES;
				CLANG_WARN_INFINITE_RECURSION = YES;
				CLANG_WARN_INT_CONVERSION = YES;
				CLANG_WARN_NON_LITERAL_NULL_CONVERSION = YES;
				CLANG_WARN_OBJC_IMPLICIT_RETAIN_SELF = YES;
				CLANG_WARN_OBJC_LITERAL_CONVERSION = YES;
				CLANG_WARN_OBJC_ROOT_CLASS = YES_ERROR;
				CLANG_WARN_RANGE_LOOP_ANALYSIS = YES;
				CLANG_WARN_STRICT_PROTOTYPES = YES;
				CLANG_WARN_SUSPICIOUS_MOVE = YES;
				CLANG_WARN_UNGUARDED_AVAILABILITY = YES_AGGRESSIVE;
				CLANG_WARN_UNREACHABLE_CODE = YES;
				CLANG_WARN__DUPLICATE_METHOD_MATCH = YES;
				COPY_PHASE_STRIP = NO;
				DEBUG_INFORMATION_FORMAT = "dwarf-with-dsym";
				ENABLE_NS_ASSERTIONS = NO;
				ENABLE_STRICT_OBJC_MSGSEND = YES;
				GCC_C_LANGUAGE_STANDARD = gnu11;
				GCC_NO_COMMON_BLOCKS = YES;
				GCC_WARN_64_TO_32_BIT_CONVERSION = YES;
				GCC_WARN_ABOUT_RETURN_TYPE = YES_ERROR;
				GCC_WARN_UNDECLARED_SELECTOR = YES;
				GCC_WARN_UNINITIALIZED_AUTOS = YES_AGGRESSIVE;
				GCC_WARN_UNUSED_FUNCTION = YES;
				GCC_WARN_UNUSED_VARIABLE = YES;
				IPHONEOS_DEPLOYMENT_TARGET = 13.6;
				MTL_ENABLE_DEBUG_INFO = NO;
				MTL_FAST_MATH = YES;
				SDKROOT = iphoneos;
				SWIFT_COMPILATION_MODE = wholemodule;
				SWIFT_OPTIMIZATION_LEVEL = "-O";
				VALIDATE_PRODUCT = YES;
			};
			name = Release;
		};
		49E5A2B324D56F12005D380D /* Debug */ = {
			isa = XCBuildConfiguration;
			buildSettings = {
				ASSETCATALOG_COMPILER_APPICON_NAME = AppIcon;
				CODE_SIGN_STYLE = Automatic;
				DEVELOPMENT_TEAM = UZ84G4P8A7;
				INFOPLIST_FILE = ARKitTryOut/Info.plist;
				IPHONEOS_DEPLOYMENT_TARGET = 13.5;
				LD_RUNPATH_SEARCH_PATHS = (
					"$(inherited)",
					"@executable_path/Frameworks",
				);
				PRODUCT_BUNDLE_IDENTIFIER = "com.cimbis.ar-tryout.ARKitTryOut";
				PRODUCT_NAME = "$(TARGET_NAME)";
				SWIFT_VERSION = 5.0;
				TARGETED_DEVICE_FAMILY = "1,2";
			};
			name = Debug;
		};
		49E5A2B424D56F12005D380D /* Release */ = {
			isa = XCBuildConfiguration;
			buildSettings = {
				ASSETCATALOG_COMPILER_APPICON_NAME = AppIcon;
				CODE_SIGN_STYLE = Automatic;
				DEVELOPMENT_TEAM = UZ84G4P8A7;
				INFOPLIST_FILE = ARKitTryOut/Info.plist;
				IPHONEOS_DEPLOYMENT_TARGET = 13.5;
				LD_RUNPATH_SEARCH_PATHS = (
					"$(inherited)",
					"@executable_path/Frameworks",
				);
				PRODUCT_BUNDLE_IDENTIFIER = "com.cimbis.ar-tryout.ARKitTryOut";
				PRODUCT_NAME = "$(TARGET_NAME)";
				SWIFT_VERSION = 5.0;
				TARGETED_DEVICE_FAMILY = "1,2";
			};
			name = Release;
		};
/* End XCBuildConfiguration section */

/* Begin XCConfigurationList section */
		49E5A29924D56F10005D380D /* Build configuration list for PBXProject "ARKitTryOut" */ = {
			isa = XCConfigurationList;
			buildConfigurations = (
				49E5A2B024D56F12005D380D /* Debug */,
				49E5A2B124D56F12005D380D /* Release */,
			);
			defaultConfigurationIsVisible = 0;
			defaultConfigurationName = Release;
		};
		49E5A2B224D56F12005D380D /* Build configuration list for PBXNativeTarget "ARKitTryOut" */ = {
			isa = XCConfigurationList;
			buildConfigurations = (
				49E5A2B324D56F12005D380D /* Debug */,
				49E5A2B424D56F12005D380D /* Release */,
			);
			defaultConfigurationIsVisible = 0;
			defaultConfigurationName = Release;
		};
/* End XCConfigurationList section */
	};
	rootObject = 49E5A29624D56F10005D380D /* Project object */;
}
